<?xml version="1.0" encoding="utf-8"?>
<Project ToolsVersion="4.0" xmlns="http://schemas.microsoft.com/developer/msbuild/2003">
  <ItemGroup>
    <Filter Include="Source Files">
      <UniqueIdentifier>{4FC737F1-C7A5-4376-A066-2A32D752A2FF}</UniqueIdentifier>
      <Extensions>cpp;c;cc;cxx;def;odl;idl;hpj;bat;asm;asmx</Extensions>
    </Filter>
    <Filter Include="Header Files">
      <UniqueIdentifier>{93995380-89BD-4b04-88EB-625FBE52EBFB}</UniqueIdentifier>
      <Extensions>h;hh;hpp;hxx;hm;inl;inc;ipp;xsd</Extensions>
    </Filter>
    <Filter Include="Resource Files">
      <UniqueIdentifier>{67DA6AB6-F800-4c08-8B7A-83BB121AAD01}</UniqueIdentifier>
      <Extensions>rc;ico;cur;bmp;dlg;rc2;rct;bin;rgs;gif;jpg;jpeg;jpe;resx;tiff;tif;png;wav;mfcribbon-ms</Extensions>
    </Filter>
    <Filter Include="Source Files\System">
      <UniqueIdentifier>{8a44f725-235e-4349-b4bb-d4d9291c7188}</UniqueIdentifier>
    </Filter>
    <Filter Include="Header Files\Global">
      <UniqueIdentifier>{fae624b2-3494-4fa1-b9d6-60f44f68a6e8}</UniqueIdentifier>
    </Filter>
    <Filter Include="Header Files\Control">
      <UniqueIdentifier>{7407d191-630d-4352-8511-c3c7ff740d11}</UniqueIdentifier>
    </Filter>
    <Filter Include="Header Files\System">
      <UniqueIdentifier>{3cf249f0-0f47-469b-9077-662cee06d446}</UniqueIdentifier>
    </Filter>
    <Filter Include="Source Files\Global">
      <UniqueIdentifier>{6b8fefff-d1eb-4f1c-9e17-4ec58da17116}</UniqueIdentifier>
    </Filter>
    <Filter Include="Source Files\Control">
      <UniqueIdentifier>{399cf13c-dd4c-4cf4-94a5-d961d07ab77d}</UniqueIdentifier>
    </Filter>
  </ItemGroup>
  <ItemGroup>
    <ClInclude Include="Color.h">
      <Filter>Header Files\Global</Filter>
    </ClInclude>
    <ClInclude Include="Vec2.h">
      <Filter>Header Files\Global</Filter>
    </ClInclude>
    <ClInclude Include="Control.h">
      <Filter>Header Files\Control</Filter>
    </ClInclude>
    <ClInclude Include="Gamepad.h">
      <Filter>Header Files\Control</Filter>
    </ClInclude>
    <ClInclude Include="geometry.h">
      <Filter>Header Files\Global</Filter>
    </ClInclude>
    <ClInclude Include="getMilliCount.h">
      <Filter>Header Files\Global</Filter>
    </ClInclude>
    <ClInclude Include="System.h">
      <Filter>Header Files\System</Filter>
    </ClInclude>
    <ClInclude Include="Object.h">
      <Filter>Header Files\System</Filter>
    </ClInclude>
    <ClInclude Include="random.h">
      <Filter>Header Files\Global</Filter>
    </ClInclude>
    <ClInclude Include="Mouse.h">
      <Filter>Header Files\Control</Filter>
    </ClInclude>
    <ClInclude Include="keys.h">
      <Filter>Header Files\Control</Filter>
    </ClInclude>
    <ClInclude Include="Engine.h">
      <Filter>Header Files\System</Filter>
    </ClInclude>
    <ClInclude Include="Gun.h">
      <Filter>Header Files\System</Filter>
    </ClInclude>
    <ClInclude Include="Cell.h">
      <Filter>Header Files\System</Filter>
    </ClInclude>
    <ClInclude Include="Player.h">
      <Filter>Header Files\System</Filter>
    </ClInclude>
    <ClInclude Include="Bonus.h">
      <Filter>Header Files\System</Filter>
    </ClInclude>
    <ClInclude Include="BonusInfo.h">
      <Filter>Header Files\System</Filter>
    </ClInclude>
    <ClInclude Include="Team.h">
      <Filter>Header Files\System</Filter>
    </ClInclude>
    <ClInclude Include="ModuleInfo.h">
      <Filter>Header Files\System</Filter>
    </ClInclude>
    <ClInclude Include="Module.h">
      <Filter>Header Files\System</Filter>
    </ClInclude>
    <ClInclude Include="configProcessing.h">
      <Filter>Header Files\Global</Filter>
    </ClInclude>
    <ClInclude Include="Parameters.h">
      <Filter>Header Files\System</Filter>
    </ClInclude>
    <ClInclude Include="HomingRocket.h">
      <Filter>Header Files\System</Filter>
    </ClInclude>
  </ItemGroup>
  <ItemGroup>
    <ClCompile Include="main.cpp">
      <Filter>Source Files</Filter>
    </ClCompile>
    <ClCompile Include="Color.cpp">
      <Filter>Source Files\Global</Filter>
    </ClCompile>
    <ClCompile Include="Control.cpp">
      <Filter>Source Files\Control</Filter>
    </ClCompile>
    <ClCompile Include="Gamepad.cpp">
      <Filter>Source Files\Control</Filter>
    </ClCompile>
    <ClCompile Include="getMilliCount.cpp">
      <Filter>Source Files\Global</Filter>
    </ClCompile>
    <ClCompile Include="Mouse.cpp">
      <Filter>Source Files\Control</Filter>
    </ClCompile>
    <ClCompile Include="System.cpp">
      <Filter>Source Files\System</Filter>
    </ClCompile>
    <ClCompile Include="System.step.cpp">
      <Filter>Source Files\System</Filter>
    </ClCompile>
    <ClCompile Include="Vec2.cpp">
      <Filter>Source Files\Global</Filter>
    </ClCompile>
    <ClCompile Include="random.cpp">
      <Filter>Source Files\Global</Filter>
    </ClCompile>
    <ClCompile Include="Object.cpp">
      <Filter>Source Files\System</Filter>
    </ClCompile>
    <ClCompile Include="geometry.cpp">
      <Filter>Source Files\Global</Filter>
    </ClCompile>
    <ClCompile Include="Engine.cpp">
      <Filter>Source Files\System</Filter>
    </ClCompile>
    <ClCompile Include="Gun.cpp">
      <Filter>Source Files\System</Filter>
    </ClCompile>
    <ClCompile Include="Cell.cpp">
      <Filter>Source Files\System</Filter>
    </ClCompile>
    <ClCompile Include="System.collision.cpp">
      <Filter>Source Files\System</Filter>
    </ClCompile>
    <ClCompile Include="Player.cpp">
      <Filter>Source Files\System</Filter>
    </ClCompile>
    <ClCompile Include="Bonus.cpp">
      <Filter>Source Files\System</Filter>
    </ClCompile>
    <ClCompile Include="BonusInfo.cpp">
      <Filter>Source Files\System</Filter>
    </ClCompile>
    <ClCompile Include="Team.cpp">
      <Filter>Source Files\System</Filter>
    </ClCompile>
    <ClCompile Include="ModuleInfo.cpp">
      <Filter>Source Files\System</Filter>
    </ClCompile>
    <ClCompile Include="Module.cpp">
      <Filter>Source Files\System</Filter>
    </ClCompile>
    <ClCompile Include="Parameters.cpp">
      <Filter>Source Files\System</Filter>
    </ClCompile>
    <ClCompile Include="HomingRocket.cpp">
      <Filter>Source Files\System</Filter>
    </ClCompile>
  </ItemGroup>
  <ItemGroup>
    <None Include="level.lvl">
      <Filter>Resource Files</Filter>
    </None>
    <None Include="config.conf">
      <Filter>Resource Files</Filter>
    </None>
  </ItemGroup>
</Project>