<?xml version="1.0" encoding="utf-8"?>
<Project ToolsVersion="4.0" xmlns="http://schemas.microsoft.com/developer/msbuild/2003">
  <ItemGroup>
    <Filter Include="Source Files">
      <UniqueIdentifier>{4FC737F1-C7A5-4376-A066-2A32D752A2FF}</UniqueIdentifier>
      <Extensions>cpp;c;cc;cxx;def;odl;idl;hpj;bat;asm;asmx</Extensions>
    </Filter>
    <Filter Include="Header Files">
      <UniqueIdentifier>{93995380-89BD-4b04-88EB-625FBE52EBFB}</UniqueIdentifier>
      <Extensions>h;hh;hpp;hxx;hm;inl;inc;ipp;xsd</Extensions>
    </Filter>
    <Filter Include="Resource Files">
      <UniqueIdentifier>{67DA6AB6-F800-4c08-8B7A-83BB121AAD01}</UniqueIdentifier>
      <Extensions>rc;ico;cur;bmp;dlg;rc2;rct;bin;rgs;gif;jpg;jpeg;jpe;resx;tiff;tif;png;wav;mfcribbon-ms</Extensions>
    </Filter>
    <Filter Include="Source Files\Global">
      <UniqueIdentifier>{62e57259-5d2b-4d0a-9ffb-c97ab91871e1}</UniqueIdentifier>
    </Filter>
    <Filter Include="Source Files\Control">
      <UniqueIdentifier>{c5876955-90c1-4787-bec5-c9b00372c3a2}</UniqueIdentifier>
    </Filter>
    <Filter Include="Source Files\System">
      <UniqueIdentifier>{209772bb-ab47-472c-98ac-a73e86de64d1}</UniqueIdentifier>
    </Filter>
    <Filter Include="Header Files\Global">
      <UniqueIdentifier>{cf5f5e35-cb28-46a3-8343-e1b9ad8212e7}</UniqueIdentifier>
    </Filter>
    <Filter Include="Header Files\Control">
      <UniqueIdentifier>{468bba08-8e91-4cb4-83cc-beedbb3695cc}</UniqueIdentifier>
    </Filter>
    <Filter Include="Header Files\System">
      <UniqueIdentifier>{6a221531-9234-4f26-af6a-f46dcce68317}</UniqueIdentifier>
    </Filter>
    <Filter Include="Header Files\DrawSystem">
      <UniqueIdentifier>{2b0eeb18-e909-48e6-b9f8-25ad8ea70d07}</UniqueIdentifier>
    </Filter>
    <Filter Include="Source Files\DrawSystem">
      <UniqueIdentifier>{a2b54fec-8515-42d7-a461-8e9581c03dcf}</UniqueIdentifier>
    </Filter>
  </ItemGroup>
  <ItemGroup>
    <ClInclude Include="System.h">
      <Filter>Header Files\System</Filter>
    </ClInclude>
    <ClInclude Include="random.h">
      <Filter>Header Files\Global</Filter>
    </ClInclude>
    <ClInclude Include="Object.h">
      <Filter>Header Files\System</Filter>
    </ClInclude>
    <ClInclude Include="keys.h">
      <Filter>Header Files\Control</Filter>
    </ClInclude>
    <ClInclude Include="getMilliCount.h">
      <Filter>Header Files\Global</Filter>
    </ClInclude>
    <ClInclude Include="Mouse.h">
      <Filter>Header Files\Control</Filter>
    </ClInclude>
    <ClInclude Include="geometry.h">
      <Filter>Header Files\Global</Filter>
    </ClInclude>
    <ClInclude Include="Gamepad.h">
      <Filter>Header Files\Control</Filter>
    </ClInclude>
    <ClInclude Include="DrawSystem.h">
      <Filter>Header Files\DrawSystem</Filter>
    </ClInclude>
    <ClInclude Include="Camera.h">
      <Filter>Header Files\DrawSystem</Filter>
    </ClInclude>
    <ClInclude Include="Color.h">
      <Filter>Header Files\Global</Filter>
    </ClInclude>
    <ClInclude Include="Control.h">
      <Filter>Header Files\Control</Filter>
    </ClInclude>
    <ClInclude Include="Vec2.h">
      <Filter>Header Files\Global</Filter>
    </ClInclude>
    <ClInclude Include="Cell.h">
      <Filter>Header Files\System</Filter>
    </ClInclude>
    <ClInclude Include="Player.h">
      <Filter>Header Files\System</Filter>
    </ClInclude>
    <ClInclude Include="Animation.h">
      <Filter>Header Files\DrawSystem</Filter>
    </ClInclude>
    <ClInclude Include="Bonus.h">
      <Filter>Header Files\System</Filter>
    </ClInclude>
  </ItemGroup>
  <ItemGroup>
    <ClCompile Include="main.cpp">
      <Filter>Source Files</Filter>
    </ClCompile>
    <ClCompile Include="Camera.cpp">
      <Filter>Source Files\DrawSystem</Filter>
    </ClCompile>
    <ClCompile Include="Color.cpp">
      <Filter>Source Files\Global</Filter>
    </ClCompile>
    <ClCompile Include="Control.cpp">
      <Filter>Source Files\Control</Filter>
    </ClCompile>
    <ClCompile Include="Control.events.cpp">
      <Filter>Source Files\Control</Filter>
    </ClCompile>
    <ClCompile Include="DrawSystem.basics.cpp">
      <Filter>Source Files\DrawSystem</Filter>
    </ClCompile>
    <ClCompile Include="DrawSystem.loadTextures.cpp">
      <Filter>Source Files\DrawSystem</Filter>
    </ClCompile>
    <ClCompile Include="DrawSystem.cpp">
      <Filter>Source Files\DrawSystem</Filter>
    </ClCompile>
    <ClCompile Include="Gamepad.cpp">
      <Filter>Source Files\Control</Filter>
    </ClCompile>
    <ClCompile Include="geometry.cpp">
      <Filter>Source Files\Global</Filter>
    </ClCompile>
    <ClCompile Include="getMilliCount.cpp">
      <Filter>Source Files\Global</Filter>
    </ClCompile>
    <ClCompile Include="Mouse.cpp">
      <Filter>Source Files\Control</Filter>
    </ClCompile>
    <ClCompile Include="Object.cpp">
      <Filter>Source Files\System</Filter>
    </ClCompile>
    <ClCompile Include="System.cpp">
      <Filter>Source Files\System</Filter>
    </ClCompile>
    <ClCompile Include="random.cpp">
      <Filter>Source Files\Global</Filter>
    </ClCompile>
    <ClCompile Include="Vec2.cpp">
      <Filter>Source Files\Global</Filter>
    </ClCompile>
    <ClCompile Include="Cell.cpp">
      <Filter>Source Files\System</Filter>
    </ClCompile>
    <ClCompile Include="DrawSystem.drawWalls.cpp">
      <Filter>Source Files\System</Filter>
    </ClCompile>
    <ClCompile Include="DrawSystem.objects.cpp">
      <Filter>Source Files\DrawSystem</Filter>
    </ClCompile>
    <ClCompile Include="Player.cpp">
      <Filter>Source Files\System</Filter>
    </ClCompile>
    <ClCompile Include="Animation.cpp">
      <Filter>Source Files\DrawSystem</Filter>
    </ClCompile>
    <ClCompile Include="Bonus.cpp">
      <Filter>Source Files\System</Filter>
    </ClCompile>
  </ItemGroup>
</Project>